<?xml version="1.0" encoding="utf-8"?>
<Project ToolsVersion="4.0" xmlns="http://schemas.microsoft.com/developer/msbuild/2003">
  <ItemGroup>
    <ClInclude Include="ContentsCore.h" />
    <ClInclude Include="TitleLevel.h">
      <Filter>Object\PlayLevel\Level\TitleLevel</Filter>
    </ClInclude>
    <ClInclude Include="ContentsHelper.h" />
    <ClInclude Include="TitleKirby.h">
      <Filter>Object\PlayLevel\Level\TitleLevel</Filter>
    </ClInclude>
    <ClInclude Include="TitleLogo.h">
      <Filter>Object\PlayLevel\Level\TitleLevel</Filter>
    </ClInclude>
    <ClInclude Include="Player.h">
      <Filter>Object\PlayLevel\Actor\Common</Filter>
    </ClInclude>
    <ClInclude Include="Monster.h">
      <Filter>Object\PlayLevel\Actor\Common</Filter>
    </ClInclude>
    <ClInclude Include="Level111.h">
      <Filter>Object\PlayLevel\Level\Stage1</Filter>
    </ClInclude>
    <ClInclude Include="Burp.h">
      <Filter>Object\PlayLevel\Actor\Ability</Filter>
    </ClInclude>
    <ClInclude Include="SpitStar.h">
      <Filter>Object\PlayLevel\Actor\Ability</Filter>
    </ClInclude>
    <ClInclude Include="KirbyLevel.h">
      <Filter>Object\PlayLevel\Level</Filter>
    </ClInclude>
    <ClInclude Include="KirbyActor.h">
      <Filter>Object\PlayLevel\Actor</Filter>
    </ClInclude>
    <ClInclude Include="BackGroundMap.h">
      <Filter>Object\PlayLevel\Actor\Common\Map</Filter>
    </ClInclude>
    <ClInclude Include="FadeOut.h">
      <Filter>Object\PlayLevel\Actor\Common\Map</Filter>
    </ClInclude>
    <ClInclude Include="HUD.h">
      <Filter>Object\PlayLevel\Actor\Common\Map</Filter>
    </ClInclude>
    <ClInclude Include="Spark.h">
      <Filter>Object\PlayLevel\Actor\Ability</Filter>
    </ClInclude>
    <ClInclude Include="Ability.h">
      <Filter>Object\PlayLevel\Actor\Common</Filter>
    </ClInclude>
    <ClInclude Include="Effect.h">
      <Filter>Object\PlayLevel\Actor\Common</Filter>
    </ClInclude>
    <ClInclude Include="AbsorbEffect.h">
      <Filter>Object\PlayLevel\Actor\Effect</Filter>
    </ClInclude>
    <ClInclude Include="Fire.h">
      <Filter>Object\PlayLevel\Actor\Ability</Filter>
    </ClInclude>
    <ClInclude Include="Level112.h">
      <Filter>Object\PlayLevel\Level\Stage1</Filter>
    </ClInclude>
    <ClInclude Include="Level113.h">
      <Filter>Object\PlayLevel\Level\Stage1</Filter>
    </ClInclude>
    <ClInclude Include="BrontoBurt.h">
      <Filter>Object\PlayLevel\Actor\Monster\Normal</Filter>
    </ClInclude>
    <ClInclude Include="PoppyBrosJr.h">
      <Filter>Object\PlayLevel\Actor\Monster\Normal</Filter>
    </ClInclude>
    <ClInclude Include="WaddleDee.h">
      <Filter>Object\PlayLevel\Actor\Monster\Normal</Filter>
    </ClInclude>
    <ClInclude Include="HotHead.h">
      <Filter>Object\PlayLevel\Actor\Monster\Power</Filter>
    </ClInclude>
    <ClInclude Include="Sparky.h">
      <Filter>Object\PlayLevel\Actor\Monster\Power</Filter>
    </ClInclude>
    <ClInclude Include="Togezo.h">
      <Filter>Object\PlayLevel\Actor\Monster\Power</Filter>
    </ClInclude>
    <ClInclude Include="Level141.h">
      <Filter>Object\PlayLevel\Level\Stage4</Filter>
    </ClInclude>
    <ClInclude Include="MrFrosty.h">
      <Filter>Object\PlayLevel\Actor\Monster\Boss</Filter>
    </ClInclude>
    <ClInclude Include="TheEnd.h">
      <Filter>Object\PlayLevel\Actor\Item</Filter>
    </ClInclude>
    <ClInclude Include="DisappearEffect.h">
      <Filter>Object\PlayLevel\Actor\Effect</Filter>
    </ClInclude>
    <ClInclude Include="AbilityStarEffect.h">
      <Filter>Object\PlayLevel\Actor\Effect</Filter>
    </ClInclude>
  </ItemGroup>
  <ItemGroup>
    <ClCompile Include="ContentsCore.cpp" />
    <ClCompile Include="TitleLevel.cpp">
      <Filter>Object\PlayLevel\Level\TitleLevel</Filter>
    </ClCompile>
    <ClCompile Include="ContentsHelper.cpp" />
    <ClCompile Include="TitleKirby.cpp">
      <Filter>Object\PlayLevel\Level\TitleLevel</Filter>
    </ClCompile>
    <ClCompile Include="TitleLogo.cpp">
      <Filter>Object\PlayLevel\Level\TitleLevel</Filter>
    </ClCompile>
    <ClCompile Include="Player.cpp">
      <Filter>Object\PlayLevel\Actor\Common</Filter>
    </ClCompile>
    <ClCompile Include="Monster.cpp">
      <Filter>Object\PlayLevel\Actor\Common</Filter>
    </ClCompile>
    <ClCompile Include="Level111.cpp">
      <Filter>Object\PlayLevel\Level\Stage1</Filter>
    </ClCompile>
    <ClCompile Include="Burp.cpp">
      <Filter>Object\PlayLevel\Actor\Ability</Filter>
    </ClCompile>
    <ClCompile Include="SpitStar.cpp">
      <Filter>Object\PlayLevel\Actor\Ability</Filter>
    </ClCompile>
    <ClCompile Include="KirbyLevel.cpp">
      <Filter>Object\PlayLevel\Level</Filter>
    </ClCompile>
    <ClCompile Include="KirbyActor.cpp">
      <Filter>Object\PlayLevel\Actor</Filter>
    </ClCompile>
    <ClCompile Include="BackGroundMap.cpp">
      <Filter>Object\PlayLevel\Actor\Common\Map</Filter>
    </ClCompile>
    <ClCompile Include="FadeOut.cpp">
      <Filter>Object\PlayLevel\Actor\Common\Map</Filter>
    </ClCompile>
    <ClCompile Include="HUD.cpp">
      <Filter>Object\PlayLevel\Actor\Common\Map</Filter>
    </ClCompile>
    <ClCompile Include="Spark.cpp">
      <Filter>Object\PlayLevel\Actor\Ability</Filter>
    </ClCompile>
    <ClCompile Include="Ability.cpp">
      <Filter>Object\PlayLevel\Actor\Common</Filter>
    </ClCompile>
    <ClCompile Include="Effect.cpp">
      <Filter>Object\PlayLevel\Actor\Common</Filter>
    </ClCompile>
    <ClCompile Include="AbsorbEffect.cpp">
      <Filter>Object\PlayLevel\Actor\Effect</Filter>
    </ClCompile>
    <ClCompile Include="Fire.cpp">
      <Filter>Object\PlayLevel\Actor\Ability</Filter>
    </ClCompile>
    <ClCompile Include="Level112.cpp">
      <Filter>Object\PlayLevel\Level\Stage1</Filter>
    </ClCompile>
    <ClCompile Include="Level113.cpp">
      <Filter>Object\PlayLevel\Level\Stage1</Filter>
    </ClCompile>
    <ClCompile Include="BrontoBurt.cpp">
      <Filter>Object\PlayLevel\Actor\Monster\Normal</Filter>
    </ClCompile>
    <ClCompile Include="PoppyBrosJr.cpp">
      <Filter>Object\PlayLevel\Actor\Monster\Normal</Filter>
    </ClCompile>
    <ClCompile Include="WaddleDee.cpp">
      <Filter>Object\PlayLevel\Actor\Monster\Normal</Filter>
    </ClCompile>
    <ClCompile Include="HotHead.cpp">
      <Filter>Object\PlayLevel\Actor\Monster\Power</Filter>
    </ClCompile>
    <ClCompile Include="Sparky.cpp">
      <Filter>Object\PlayLevel\Actor\Monster\Power</Filter>
    </ClCompile>
    <ClCompile Include="Togezo.cpp">
      <Filter>Object\PlayLevel\Actor\Monster\Power</Filter>
    </ClCompile>
    <ClCompile Include="Level141.cpp">
      <Filter>Object\PlayLevel\Level\Stage4</Filter>
    </ClCompile>
    <ClCompile Include="MrFrosty.cpp">
      <Filter>Object\PlayLevel\Actor\Monster\Boss</Filter>
    </ClCompile>
    <ClCompile Include="TheEnd.cpp">
      <Filter>Object\PlayLevel\Actor\Item</Filter>
    </ClCompile>
    <ClCompile Include="DisappearEffect.cpp">
      <Filter>Object\PlayLevel\Actor\Effect</Filter>
    </ClCompile>
    <ClCompile Include="AbilityStarEffect.cpp">
      <Filter>Object\PlayLevel\Actor\Effect</Filter>
    </ClCompile>
  </ItemGroup>
  <ItemGroup>
    <Filter Include="Object">
      <UniqueIdentifier>{03d5be10-9296-4491-91f9-877d9a0a7d9b}</UniqueIdentifier>
    </Filter>
    <Filter Include="Object\PlayLevel">
      <UniqueIdentifier>{7cc9902d-d36f-42c7-a25e-be1208417ea1}</UniqueIdentifier>
    </Filter>
    <Filter Include="Object\PlayLevel\Actor">
      <UniqueIdentifier>{9b6dbb4f-007a-409a-b989-79a5f38d8d18}</UniqueIdentifier>
    </Filter>
    <Filter Include="Object\PlayLevel\Level">
      <UniqueIdentifier>{6294efb0-c323-4b98-872a-38d4a602f1a4}</UniqueIdentifier>
    </Filter>
    <Filter Include="Object\PlayLevel\Actor\Ability">
      <UniqueIdentifier>{cf9a8f78-2c4b-4920-b654-0032f8aa232a}</UniqueIdentifier>
    </Filter>
    <Filter Include="Object\PlayLevel\Actor\Common">
      <UniqueIdentifier>{11753c10-6b05-4d56-b38e-1da0f8d1ec36}</UniqueIdentifier>
    </Filter>
    <Filter Include="Object\PlayLevel\Actor\Monster">
      <UniqueIdentifier>{a9c959c4-b2df-4d24-a5ec-2614fc35c1bd}</UniqueIdentifier>
    </Filter>
    <Filter Include="Object\PlayLevel\Actor\Common\Map">
      <UniqueIdentifier>{8c0cbf24-8625-40c2-a8f8-9bc5c530c18c}</UniqueIdentifier>
    </Filter>
    <Filter Include="Object\PlayLevel\Actor\Effect">
      <UniqueIdentifier>{74941beb-3c7b-44df-b431-16a2dcea3a44}</UniqueIdentifier>
    </Filter>
    <Filter Include="Object\PlayLevel\Level\Stage1">
      <UniqueIdentifier>{7e69bd9a-8ff0-4958-9d03-c90ab2ccfb26}</UniqueIdentifier>
    </Filter>
    <Filter Include="Object\PlayLevel\Level\Stage2">
      <UniqueIdentifier>{16e4b608-2182-46c1-9dda-ddf08a92324a}</UniqueIdentifier>
    </Filter>
    <Filter Include="Object\PlayLevel\Level\Stage3">
      <UniqueIdentifier>{50e417e5-0c45-4b7a-8b9c-b5a838b0f3ee}</UniqueIdentifier>
    </Filter>
    <Filter Include="Object\PlayLevel\Level\StageHub">
      <UniqueIdentifier>{65f0a611-1cae-4790-a1db-3994a32ec924}</UniqueIdentifier>
    </Filter>
    <Filter Include="Object\PlayLevel\Level\Stage4">
      <UniqueIdentifier>{1b0a1279-6afd-4c8d-adf9-fef455ff48f2}</UniqueIdentifier>
    </Filter>
    <Filter Include="Object\PlayLevel\Level\StageBoss">
      <UniqueIdentifier>{cabb76ad-876d-439e-8829-22a006c57b54}</UniqueIdentifier>
    </Filter>
    <Filter Include="Object\PlayLevel\Actor\Monster\Normal">
      <UniqueIdentifier>{760cf4e5-8f99-4ea7-ac13-3294e059619f}</UniqueIdentifier>
    </Filter>
    <Filter Include="Object\PlayLevel\Actor\Monster\Power">
      <UniqueIdentifier>{46b07d6b-5101-44db-af5d-e3bcfdbfe496}</UniqueIdentifier>
    </Filter>
    <Filter Include="Object\PlayLevel\Actor\Monster\Boss">
      <UniqueIdentifier>{7d8aa8ba-1374-4e84-97fe-1e5527adb1e4}</UniqueIdentifier>
    </Filter>
    <Filter Include="Object\PlayLevel\Level\TitleLevel">
      <UniqueIdentifier>{8f652d2c-24f5-40df-98f3-36f1bb61dc47}</UniqueIdentifier>
    </Filter>
    <Filter Include="Object\PlayLevel\Actor\Item">
      <UniqueIdentifier>{eae7d1d9-0eff-4758-8622-6cd13f0b56f9}</UniqueIdentifier>
    </Filter>
  </ItemGroup>
</Project>