<?xml version="1.0" encoding="utf-8"?>
<Project ToolsVersion="4.0" xmlns="http://schemas.microsoft.com/developer/msbuild/2003">
  <ItemGroup>
    <ClInclude Include="ContentsCore.h" />
    <ClInclude Include="TitleLevel.h">
      <Filter>Object\TitleLevel</Filter>
    </ClInclude>
    <ClInclude Include="Player.h">
      <Filter>Object\PlayLevel\Actor</Filter>
    </ClInclude>
    <ClInclude Include="PlayLevel.h">
      <Filter>Object\PlayLevel</Filter>
    </ClInclude>
    <ClInclude Include="TitleLogo.h">
      <Filter>Object\TitleLevel\Actor</Filter>
    </ClInclude>
    <ClInclude Include="ContentsHelper.h" />
    <ClInclude Include="TitleKirby.h">
      <Filter>Object\TitleLevel\Actor</Filter>
    </ClInclude>
    <ClInclude Include="BackGroundMap.h">
      <Filter>Object\PlayLevel\Actor</Filter>
    </ClInclude>
    <ClInclude Include="HUD.h">
      <Filter>Object\PlayLevel\Actor</Filter>
    </ClInclude>
    <ClInclude Include="Monster.h">
      <Filter>Object\PlayLevel\Actor</Filter>
    </ClInclude>
  </ItemGroup>
  <ItemGroup>
    <ClCompile Include="ContentsCore.cpp" />
    <ClCompile Include="TitleLevel.cpp">
      <Filter>Object\TitleLevel</Filter>
    </ClCompile>
    <ClCompile Include="PlayLevel.cpp">
      <Filter>Object\PlayLevel</Filter>
    </ClCompile>
    <ClCompile Include="Player.cpp">
      <Filter>Object\PlayLevel\Actor</Filter>
    </ClCompile>
    <ClCompile Include="TitleLogo.cpp">
      <Filter>Object\TitleLevel\Actor</Filter>
    </ClCompile>
    <ClCompile Include="ContentsHelper.cpp" />
    <ClCompile Include="TitleKirby.cpp">
      <Filter>Object\TitleLevel\Actor</Filter>
    </ClCompile>
    <ClCompile Include="BackGroundMap.cpp">
      <Filter>Object\PlayLevel\Actor</Filter>
    </ClCompile>
    <ClCompile Include="HUD.cpp">
      <Filter>Object\PlayLevel\Actor</Filter>
    </ClCompile>
    <ClCompile Include="Monster.cpp">
      <Filter>Object\PlayLevel\Actor</Filter>
    </ClCompile>
  </ItemGroup>
  <ItemGroup>
    <Filter Include="Object">
      <UniqueIdentifier>{03d5be10-9296-4491-91f9-877d9a0a7d9b}</UniqueIdentifier>
    </Filter>
    <Filter Include="Object\TitleLevel">
      <UniqueIdentifier>{8f652d2c-24f5-40df-98f3-36f1bb61dc47}</UniqueIdentifier>
    </Filter>
    <Filter Include="Object\TitleLevel\Actor">
      <UniqueIdentifier>{20da43ef-b9db-4619-975b-4304047ef31b}</UniqueIdentifier>
    </Filter>
    <Filter Include="Object\PlayLevel">
      <UniqueIdentifier>{7cc9902d-d36f-42c7-a25e-be1208417ea1}</UniqueIdentifier>
    </Filter>
    <Filter Include="Object\PlayLevel\Actor">
      <UniqueIdentifier>{16e4b608-2182-46c1-9dda-ddf08a92324a}</UniqueIdentifier>
    </Filter>
  </ItemGroup>
</Project>