<?xml version="1.0" encoding="utf-8"?>
<Project ToolsVersion="4.0" xmlns="http://schemas.microsoft.com/developer/msbuild/2003">
  <ItemGroup>
    <ClInclude Include="ContentsCore.h" />
    <ClInclude Include="TitleLevel.h">
      <Filter>Object\0.Title</Filter>
    </ClInclude>
    <ClInclude Include="ContentsHelper.h" />
    <ClInclude Include="Level112.h">
      <Filter>Object\1.VV\Stage\Stage1-2</Filter>
    </ClInclude>
    <ClInclude Include="Level113.h">
      <Filter>Object\1.VV\Stage\Stage1-3</Filter>
    </ClInclude>
    <ClInclude Include="TitleKirby.h">
      <Filter>Object\0.Title</Filter>
    </ClInclude>
    <ClInclude Include="TitleLogo.h">
      <Filter>Object\0.Title</Filter>
    </ClInclude>
    <ClInclude Include="BackGroundMap.h">
      <Filter>Object\1.VV\Common</Filter>
    </ClInclude>
    <ClInclude Include="HUD.h">
      <Filter>Object\1.VV\Common</Filter>
    </ClInclude>
    <ClInclude Include="Player.h">
      <Filter>Object\1.VV\Common</Filter>
    </ClInclude>
    <ClInclude Include="Monster.h">
      <Filter>Object\1.VV\Common</Filter>
    </ClInclude>
    <ClInclude Include="FadeOut.h">
      <Filter>Object\1.VV\Common</Filter>
    </ClInclude>
    <ClInclude Include="Level111.h">
      <Filter>Object\1.VV\Stage\Stage1-1</Filter>
    </ClInclude>
    <ClInclude Include="KirbyLevel.h">
      <Filter>Object\1.VV\Common</Filter>
    </ClInclude>
    <ClInclude Include="WaddleDee.h">
      <Filter>Object\1.VV\Monster</Filter>
    </ClInclude>
    <ClInclude Include="BrontoBurt.h">
      <Filter>Object\1.VV\Monster</Filter>
    </ClInclude>
    <ClInclude Include="Burp.h">
      <Filter>Object\1.VV\Ability</Filter>
    </ClInclude>
    <ClInclude Include="Ability.h">
      <Filter>Object\1.VV\Common</Filter>
    </ClInclude>
    <ClInclude Include="SpitStar.h">
      <Filter>Object\1.VV\Ability</Filter>
    </ClInclude>
  </ItemGroup>
  <ItemGroup>
    <ClCompile Include="ContentsCore.cpp" />
    <ClCompile Include="TitleLevel.cpp">
      <Filter>Object\0.Title</Filter>
    </ClCompile>
    <ClCompile Include="ContentsHelper.cpp" />
    <ClCompile Include="Level112.cpp">
      <Filter>Object\1.VV\Stage\Stage1-2</Filter>
    </ClCompile>
    <ClCompile Include="Level113.cpp">
      <Filter>Object\1.VV\Stage\Stage1-3</Filter>
    </ClCompile>
    <ClCompile Include="TitleKirby.cpp">
      <Filter>Object\0.Title</Filter>
    </ClCompile>
    <ClCompile Include="TitleLogo.cpp">
      <Filter>Object\0.Title</Filter>
    </ClCompile>
    <ClCompile Include="BackGroundMap.cpp">
      <Filter>Object\1.VV\Common</Filter>
    </ClCompile>
    <ClCompile Include="HUD.cpp">
      <Filter>Object\1.VV\Common</Filter>
    </ClCompile>
    <ClCompile Include="Player.cpp">
      <Filter>Object\1.VV\Common</Filter>
    </ClCompile>
    <ClCompile Include="Monster.cpp">
      <Filter>Object\1.VV\Common</Filter>
    </ClCompile>
    <ClCompile Include="FadeOut.cpp">
      <Filter>Object\1.VV\Common</Filter>
    </ClCompile>
    <ClCompile Include="Level111.cpp">
      <Filter>Object\1.VV\Stage\Stage1-1</Filter>
    </ClCompile>
    <ClCompile Include="KirbyLevel.cpp">
      <Filter>Object\1.VV\Common</Filter>
    </ClCompile>
    <ClCompile Include="WaddleDee.cpp">
      <Filter>Object\1.VV\Monster</Filter>
    </ClCompile>
    <ClCompile Include="BrontoBurt.cpp">
      <Filter>Object\1.VV\Monster</Filter>
    </ClCompile>
    <ClCompile Include="Burp.cpp">
      <Filter>Object\1.VV\Ability</Filter>
    </ClCompile>
    <ClCompile Include="Ability.cpp">
      <Filter>Object\1.VV\Common</Filter>
    </ClCompile>
    <ClCompile Include="SpitStar.cpp">
      <Filter>Object\1.VV\Ability</Filter>
    </ClCompile>
  </ItemGroup>
  <ItemGroup>
    <Filter Include="Object">
      <UniqueIdentifier>{03d5be10-9296-4491-91f9-877d9a0a7d9b}</UniqueIdentifier>
    </Filter>
    <Filter Include="Object\0.Title">
      <UniqueIdentifier>{8f652d2c-24f5-40df-98f3-36f1bb61dc47}</UniqueIdentifier>
    </Filter>
    <Filter Include="Object\1.VV">
      <UniqueIdentifier>{7cc9902d-d36f-42c7-a25e-be1208417ea1}</UniqueIdentifier>
    </Filter>
    <Filter Include="Object\1.VV\Common">
      <UniqueIdentifier>{11753c10-6b05-4d56-b38e-1da0f8d1ec36}</UniqueIdentifier>
    </Filter>
    <Filter Include="Object\1.VV\Stage">
      <UniqueIdentifier>{6294efb0-c323-4b98-872a-38d4a602f1a4}</UniqueIdentifier>
    </Filter>
    <Filter Include="Object\1.VV\Stage\Stage1-1">
      <UniqueIdentifier>{7e69bd9a-8ff0-4958-9d03-c90ab2ccfb26}</UniqueIdentifier>
    </Filter>
    <Filter Include="Object\1.VV\Stage\Stage1-2">
      <UniqueIdentifier>{16e4b608-2182-46c1-9dda-ddf08a92324a}</UniqueIdentifier>
    </Filter>
    <Filter Include="Object\1.VV\Stage\Stage1-3">
      <UniqueIdentifier>{50e417e5-0c45-4b7a-8b9c-b5a838b0f3ee}</UniqueIdentifier>
    </Filter>
    <Filter Include="Object\1.VV\Stage\Hub">
      <UniqueIdentifier>{65f0a611-1cae-4790-a1db-3994a32ec924}</UniqueIdentifier>
    </Filter>
    <Filter Include="Object\1.VV\Monster">
      <UniqueIdentifier>{a9c959c4-b2df-4d24-a5ec-2614fc35c1bd}</UniqueIdentifier>
    </Filter>
    <Filter Include="Object\1.VV\Ability">
      <UniqueIdentifier>{cf9a8f78-2c4b-4920-b654-0032f8aa232a}</UniqueIdentifier>
    </Filter>
  </ItemGroup>
</Project>