
Microsoft Visual Studio Solution File, Format Version 12.00
# Visual Studio Version 17
VisualStudioVersion = 17.8.34330.188
MinimumVisualStudioVersion = 10.0.40219.1
Project("{8BC9CEB8-8B4A-11D0-8D11-00A0C91BC942}") = "EngineBase", "EngineBase\EngineBase.vcxproj", "{E93AE25C-31EF-41F7-8C03-38C53AF68AC1}"
EndProject
Project("{8BC9CEB8-8B4A-11D0-8D11-00A0C91BC942}") = "EnginePlatform", "EnginePlatform\EnginePlatform.vcxproj", "{7C8AFE30-BD72-4415-9996-593520B3A50F}"
EndProject
Project("{2150E333-8FDC-42A3-9474-1A3956D46DE8}") = "Level0", "Level0", "{59088C7F-FCAC-40E6-9579-08A18DDE5D3D}"
EndProject
Project("{2150E333-8FDC-42A3-9474-1A3956D46DE8}") = "Level1", "Level1", "{4CD2CA8E-438F-40A8-B2C3-6B0283DA29BA}"
EndProject
Project("{8BC9CEB8-8B4A-11D0-8D11-00A0C91BC942}") = "EngineCore", "EngineCore\EngineCore.vcxproj", "{13440223-C493-43A3-B369-CFBA5A73EE1B}"
EndProject
Project("{2150E333-8FDC-42A3-9474-1A3956D46DE8}") = "Level2", "Level2", "{4FCF4B21-6C5F-4D51-B81A-B485F55BBF1D}"
EndProject
Project("{2150E333-8FDC-42A3-9474-1A3956D46DE8}") = "Level3", "Level3", "{5D1170C3-3BC8-4082-A5A5-10837A4AABA5}"
EndProject
Project("{2150E333-8FDC-42A3-9474-1A3956D46DE8}") = "Level4", "Level4", "{F72F1DC5-420F-43CE-A353-2BA44D1B5141}"
EndProject
Project("{8BC9CEB8-8B4A-11D0-8D11-00A0C91BC942}") = "App", "App\App.vcxproj", "{83E9B941-D018-4373-9F79-2546735165B9}"
EndProject
Project("{8BC9CEB8-8B4A-11D0-8D11-00A0C91BC942}") = "KirbyContents", "KirbyContents\KirbyContents.vcxproj", "{2543B3AA-1DE8-4B13-AEDD-0693CD64FBDF}"
EndProject
Global
	GlobalSection(SolutionConfigurationPlatforms) = preSolution
		Debug|x64 = Debug|x64
		Debug|x86 = Debug|x86
		Release|x64 = Release|x64
		Release|x86 = Release|x86
	EndGlobalSection
	GlobalSection(ProjectConfigurationPlatforms) = postSolution
		{E93AE25C-31EF-41F7-8C03-38C53AF68AC1}.Debug|x64.ActiveCfg = Debug|x64
		{E93AE25C-31EF-41F7-8C03-38C53AF68AC1}.Debug|x64.Build.0 = Debug|x64
		{E93AE25C-31EF-41F7-8C03-38C53AF68AC1}.Debug|x86.ActiveCfg = Debug|Win32
		{E93AE25C-31EF-41F7-8C03-38C53AF68AC1}.Debug|x86.Build.0 = Debug|Win32
		{E93AE25C-31EF-41F7-8C03-38C53AF68AC1}.Release|x64.ActiveCfg = Release|x64
		{E93AE25C-31EF-41F7-8C03-38C53AF68AC1}.Release|x64.Build.0 = Release|x64
		{E93AE25C-31EF-41F7-8C03-38C53AF68AC1}.Release|x86.ActiveCfg = Release|Win32
		{E93AE25C-31EF-41F7-8C03-38C53AF68AC1}.Release|x86.Build.0 = Release|Win32
		{7C8AFE30-BD72-4415-9996-593520B3A50F}.Debug|x64.ActiveCfg = Debug|x64
		{7C8AFE30-BD72-4415-9996-593520B3A50F}.Debug|x64.Build.0 = Debug|x64
		{7C8AFE30-BD72-4415-9996-593520B3A50F}.Debug|x86.ActiveCfg = Debug|Win32
		{7C8AFE30-BD72-4415-9996-593520B3A50F}.Debug|x86.Build.0 = Debug|Win32
		{7C8AFE30-BD72-4415-9996-593520B3A50F}.Release|x64.ActiveCfg = Release|x64
		{7C8AFE30-BD72-4415-9996-593520B3A50F}.Release|x64.Build.0 = Release|x64
		{7C8AFE30-BD72-4415-9996-593520B3A50F}.Release|x86.ActiveCfg = Release|Win32
		{7C8AFE30-BD72-4415-9996-593520B3A50F}.Release|x86.Build.0 = Release|Win32
		{13440223-C493-43A3-B369-CFBA5A73EE1B}.Debug|x64.ActiveCfg = Debug|x64
		{13440223-C493-43A3-B369-CFBA5A73EE1B}.Debug|x64.Build.0 = Debug|x64
		{13440223-C493-43A3-B369-CFBA5A73EE1B}.Debug|x86.ActiveCfg = Debug|Win32
		{13440223-C493-43A3-B369-CFBA5A73EE1B}.Debug|x86.Build.0 = Debug|Win32
		{13440223-C493-43A3-B369-CFBA5A73EE1B}.Release|x64.ActiveCfg = Release|x64
		{13440223-C493-43A3-B369-CFBA5A73EE1B}.Release|x64.Build.0 = Release|x64
		{13440223-C493-43A3-B369-CFBA5A73EE1B}.Release|x86.ActiveCfg = Release|Win32
		{13440223-C493-43A3-B369-CFBA5A73EE1B}.Release|x86.Build.0 = Release|Win32
		{83E9B941-D018-4373-9F79-2546735165B9}.Debug|x64.ActiveCfg = Debug|x64
		{83E9B941-D018-4373-9F79-2546735165B9}.Debug|x64.Build.0 = Debug|x64
		{83E9B941-D018-4373-9F79-2546735165B9}.Debug|x86.ActiveCfg = Debug|Win32
		{83E9B941-D018-4373-9F79-2546735165B9}.Debug|x86.Build.0 = Debug|Win32
		{83E9B941-D018-4373-9F79-2546735165B9}.Release|x64.ActiveCfg = Release|x64
		{83E9B941-D018-4373-9F79-2546735165B9}.Release|x64.Build.0 = Release|x64
		{83E9B941-D018-4373-9F79-2546735165B9}.Release|x86.ActiveCfg = Release|Win32
		{83E9B941-D018-4373-9F79-2546735165B9}.Release|x86.Build.0 = Release|Win32
		{2543B3AA-1DE8-4B13-AEDD-0693CD64FBDF}.Debug|x64.ActiveCfg = Debug|x64
		{2543B3AA-1DE8-4B13-AEDD-0693CD64FBDF}.Debug|x64.Build.0 = Debug|x64
		{2543B3AA-1DE8-4B13-AEDD-0693CD64FBDF}.Debug|x86.ActiveCfg = Debug|Win32
		{2543B3AA-1DE8-4B13-AEDD-0693CD64FBDF}.Debug|x86.Build.0 = Debug|Win32
		{2543B3AA-1DE8-4B13-AEDD-0693CD64FBDF}.Release|x64.ActiveCfg = Release|x64
		{2543B3AA-1DE8-4B13-AEDD-0693CD64FBDF}.Release|x64.Build.0 = Release|x64
		{2543B3AA-1DE8-4B13-AEDD-0693CD64FBDF}.Release|x86.ActiveCfg = Release|Win32
		{2543B3AA-1DE8-4B13-AEDD-0693CD64FBDF}.Release|x86.Build.0 = Release|Win32
	EndGlobalSection
	GlobalSection(SolutionProperties) = preSolution
		HideSolutionNode = FALSE
	EndGlobalSection
	GlobalSection(NestedProjects) = preSolution
		{E93AE25C-31EF-41F7-8C03-38C53AF68AC1} = {59088C7F-FCAC-40E6-9579-08A18DDE5D3D}
		{7C8AFE30-BD72-4415-9996-593520B3A50F} = {4CD2CA8E-438F-40A8-B2C3-6B0283DA29BA}
		{13440223-C493-43A3-B369-CFBA5A73EE1B} = {4FCF4B21-6C5F-4D51-B81A-B485F55BBF1D}
		{83E9B941-D018-4373-9F79-2546735165B9} = {F72F1DC5-420F-43CE-A353-2BA44D1B5141}
		{2543B3AA-1DE8-4B13-AEDD-0693CD64FBDF} = {5D1170C3-3BC8-4082-A5A5-10837A4AABA5}
	EndGlobalSection
	GlobalSection(ExtensibilityGlobals) = postSolution
		SolutionGuid = {83AFFBCB-412C-473E-82DF-8492D7B09F21}
	EndGlobalSection
EndGlobal
